PODS:
  - Flutter (1.0.0)
  - video_player_avfoundation (0.0.1):
    - Flutter
    - FlutterMacOS
  - video_player_hdr (1.0.1):
    - Flutter

DEPENDENCIES:
  - Flutter (from `Flutter`)
  - video_player_avfoundation (from `.symlinks/plugins/video_player_avfoundation/darwin`)
  - video_player_hdr (from `.symlinks/plugins/video_player_hdr/ios`)

EXTERNAL SOURCES:
  Flutter:
    :path: Flutter
  video_player_avfoundation:
    :path: ".symlinks/plugins/video_player_avfoundation/darwin"
  video_player_hdr:
    :path: ".symlinks/plugins/video_player_hdr/ios"

SPEC CHECKSUMS:
  Flutter: cabc95a1d2626b1b06e7179b784ebcf0c0cde467
  video_player_avfoundation: 3453f792138786248960ca029747fcd9f318ef52
  video_player_hdr: 6dc73c3240b7fc320f03f1b85973610432dbd7b1

PODFILE CHECKSUM: 4f1c12611da7338d21589c0b2ecd6bd20b109694

COCOAPODS: 1.16.2
